PODS:
  - EasyKits (0.0.6):
    - EasyKits/EasyExtension (= 0.0.6)
    - EasyKits/EasyListView (= 0.0.6)
    - EasyKits/EasyPopup (= 0.0.6)
    - EasyKits/EasyResponder (= 0.0.6)
    - EasyKits/EasySyncScroll (= 0.0.6)
  - EasyKits/EasyExtension (0.0.6)
  - EasyKits/EasyListView (0.0.6)
  - EasyKits/EasyPopup (0.0.6):
    - SnapKit (~> 4.2.0)
  - EasyKits/EasyResponder (0.0.6)
  - EasyKits/EasySyncScroll (0.0.6):
    - RxCocoa
    - RxSwift
  - MJRefresh (3.5.0)
  - RxCocoa (6.0.0):
    - RxRelay (= 6.0.0)
    - RxSwift (= 6.0.0)
  - RxRelay (6.0.0):
    - RxSwift (= 6.0.0)
  - RxSwift (6.0.0)
  - SnapKit (4.2.0)

DEPENDENCIES:
  - EasyKits (from `../`)
  - MJRefresh

SPEC REPOS:
  trunk:
    - MJRefresh
    - RxCocoa
    - RxRelay
    - RxSwift
    - SnapKit

EXTERNAL SOURCES:
  EasyKits:
    :path: "../"

SPEC CHECKSUMS:
  EasyKits: 14086f0e8f24f061e82c32fb968320eb7dce0f1e
  MJRefresh: 6afc955813966afb08305477dd7a0d9ad5e79a16
  RxCocoa: 3f79328fafa3645b34600f37c31e64c73ae3a80e
  RxRelay: 8d593be109c06ea850df027351beba614b012ffb
  RxSwift: c14e798c59b9f6e9a2df8fd235602e85cc044295
  SnapKit: fe8a619752f3f27075cc9a90244d75c6c3f27e2a

PODFILE CHECKSUM: ccbca77a3fe3485133742f361bc5da8ed1ea4876

COCOAPODS: 1.10.0
