{
  "pins" : [
    {
      "identity" : "iglistkit",
      "kind" : "remoteSourceControl",
      "location" : "https://github.com/Instagram/IGListKit.git",
      "state" : {
        "branch" : "b22a10e",
        "revision" : "b22a10e47ffa87c79993ea19db7b52605e83ebbf"
      }
    },
    {
      "identity" : "rxswift",
      "kind" : "remoteSourceControl",
      "location" : "https://github.com/ReactiveX/RxSwift.git",
      "state" : {
        "revision" : "b4307ba0b6425c0ba4178e138799946c3da594f8",
        "version" : "6.5.0"
      }
    },
    {
      "identity" : "snapkit",
      "kind" : "remoteSourceControl",
      "location" : "https://github.com/SnapKit/SnapKit.git",
      "state" : {
        "revision" : "d458564516e5676af9c70b4f4b2a9178294f1bc6",
        "version" : "5.0.1"
      }
    },
    {
      "identity" : "then",
      "kind" : "remoteSourceControl",
      "location" : "https://github.com/devxoul/Then.git",
      "state" : {
        "revision" : "e421a7b3440a271834337694e6050133a3958bc7",
        "version" : "2.7.0"
      }
    }
  ],
  "version" : 2
}
