// !$*UTF8*$!
{
	archiveVersion = 1;
	classes = {
	};
	objectVersion = 46;
	objects = {

/* Begin PBXBuildFile section */
		10FD93675A33A3DF4E60E9A4 /* Pods_EasyKits_Example.framework in Frameworks */ = {isa = PBXBuildFile; fileRef = B85BEF9B3FF56656A93DD048 /* Pods_EasyKits_Example.framework */; };
		607FACD61AFB9204008FA782 /* AppDelegate.swift in Sources */ = {isa = PBXBuildFile; fileRef = 607FACD51AFB9204008FA782 /* AppDelegate.swift */; };
		607FACD81AFB9204008FA782 /* ViewController.swift in Sources */ = {isa = PBXBuildFile; fileRef = 607FACD71AFB9204008FA782 /* ViewController.swift */; };
		607FACDD1AFB9204008FA782 /* Images.xcassets in Resources */ = {isa = PBXBuildFile; fileRef = 607FACDC1AFB9204008FA782 /* Images.xcassets */; };
		607FACE01AFB9204008FA782 /* LaunchScreen.xib in Resources */ = {isa = PBXBuildFile; fileRef = 607FACDE1AFB9204008FA782 /* LaunchScreen.xib */; };
		950BBA99263A802A00408C55 /* NestContainerListVC.swift in Sources */ = {isa = PBXBuildFile; fileRef = 950BBA98263A802A00408C55 /* NestContainerListVC.swift */; };
		950BBAB1263A861D00408C55 /* NestContainerSubVC.swift in Sources */ = {isa = PBXBuildFile; fileRef = 950BBAB0263A861D00408C55 /* NestContainerSubVC.swift */; };
		950BBAB4263A862700408C55 /* NestContainerItemVC.swift in Sources */ = {isa = PBXBuildFile; fileRef = 950BBAB3263A862700408C55 /* NestContainerItemVC.swift */; };
		95145CB1263BD12600A8CDAD /* NestSyncContainerListVC.swift in Sources */ = {isa = PBXBuildFile; fileRef = 95145CB0263BD12600A8CDAD /* NestSyncContainerListVC.swift */; };
		95956AA025CCE3EE0021FF3F /* VCCell.swift in Sources */ = {isa = PBXBuildFile; fileRef = 95956A9F25CCE3EE0021FF3F /* VCCell.swift */; };
		95956AA925CCE4310021FF3F /* EasyPopupVC.swift in Sources */ = {isa = PBXBuildFile; fileRef = 95956AA825CCE4310021FF3F /* EasyPopupVC.swift */; };
		95956ACE25CCEF5D0021FF3F /* EasyResponder.swift in Sources */ = {isa = PBXBuildFile; fileRef = 95956ACD25CCEF5D0021FF3F /* EasyResponder.swift */; };
		95956AD225CCF0330021FF3F /* ERAView.swift in Sources */ = {isa = PBXBuildFile; fileRef = 95956AD125CCF0330021FF3F /* ERAView.swift */; };
		95956AD525CCF03D0021FF3F /* ERBView.swift in Sources */ = {isa = PBXBuildFile; fileRef = 95956AD425CCF03D0021FF3F /* ERBView.swift */; };
		95956AD825CCF0460021FF3F /* ERCView.swift in Sources */ = {isa = PBXBuildFile; fileRef = 95956AD725CCF0460021FF3F /* ERCView.swift */; };
		95956AE625E348C20021FF3F /* SyncInnerItems.swift in Sources */ = {isa = PBXBuildFile; fileRef = 95956AE525E348C20021FF3F /* SyncInnerItems.swift */; };
		95956AE925E348D80021FF3F /* EasySyncScrollVC.swift in Sources */ = {isa = PBXBuildFile; fileRef = 95956AE825E348D80021FF3F /* EasySyncScrollVC.swift */; };
		95956D0A25E5EFEF0021FF3F /* EasyListViewVC.swift in Sources */ = {isa = PBXBuildFile; fileRef = 95956D0925E5EFEF0021FF3F /* EasyListViewVC.swift */; };
		95956D0F25E5FFC60021FF3F /* EasyCarouseCell.swift in Sources */ = {isa = PBXBuildFile; fileRef = 95956D0E25E5FFC60021FF3F /* EasyCarouseCell.swift */; };
		95956D1325E6011E0021FF3F /* EasyCarouseViewVC.swift in Sources */ = {isa = PBXBuildFile; fileRef = 95956D1225E6011E0021FF3F /* EasyCarouseViewVC.swift */; };
		95956D7E25E65C1D0021FF3F /* EasyListPriceCell.swift in Sources */ = {isa = PBXBuildFile; fileRef = 95956D7D25E65C1C0021FF3F /* EasyListPriceCell.swift */; };
		95956DA625E662C70021FF3F /* EasyListOtherCell.swift in Sources */ = {isa = PBXBuildFile; fileRef = 95956DA525E662C70021FF3F /* EasyListOtherCell.swift */; };
		95956E3325E7ACA70021FF3F /* EasySegmentedViewVC.swift in Sources */ = {isa = PBXBuildFile; fileRef = 95956E3225E7ACA70021FF3F /* EasySegmentedViewVC.swift */; };
		F46DB4D92733734000C94414 /* EasyIGListVC.swift in Sources */ = {isa = PBXBuildFile; fileRef = F46DB4D82733734000C94414 /* EasyIGListVC.swift */; };
/* End PBXBuildFile section */

/* Begin PBXFileReference section */
		39CB6570477B87D0DF69174E /* EasyKits.podspec */ = {isa = PBXFileReference; includeInIndex = 1; lastKnownFileType = text; name = EasyKits.podspec; path = ../EasyKits.podspec; sourceTree = "<group>"; xcLanguageSpecificationIdentifier = xcode.lang.ruby; };
		607FACD01AFB9204008FA782 /* EasyKits_Example.app */ = {isa = PBXFileReference; explicitFileType = wrapper.application; includeInIndex = 0; path = EasyKits_Example.app; sourceTree = BUILT_PRODUCTS_DIR; };
		607FACD41AFB9204008FA782 /* Info.plist */ = {isa = PBXFileReference; lastKnownFileType = text.plist.xml; path = Info.plist; sourceTree = "<group>"; };
		607FACD51AFB9204008FA782 /* AppDelegate.swift */ = {isa = PBXFileReference; lastKnownFileType = sourcecode.swift; path = AppDelegate.swift; sourceTree = "<group>"; };
		607FACD71AFB9204008FA782 /* ViewController.swift */ = {isa = PBXFileReference; lastKnownFileType = sourcecode.swift; path = ViewController.swift; sourceTree = "<group>"; };
		607FACDC1AFB9204008FA782 /* Images.xcassets */ = {isa = PBXFileReference; lastKnownFileType = folder.assetcatalog; path = Images.xcassets; sourceTree = "<group>"; };
		607FACDF1AFB9204008FA782 /* Base */ = {isa = PBXFileReference; lastKnownFileType = file.xib; name = Base; path = Base.lproj/LaunchScreen.xib; sourceTree = "<group>"; };
		6688078714BF9D206211D8FC /* Pods-EasyKits_Example.debug.xcconfig */ = {isa = PBXFileReference; includeInIndex = 1; lastKnownFileType = text.xcconfig; name = "Pods-EasyKits_Example.debug.xcconfig"; path = "Target Support Files/Pods-EasyKits_Example/Pods-EasyKits_Example.debug.xcconfig"; sourceTree = "<group>"; };
		6E7B1E1473EA069EBE310652 /* Pods-EasyKits_Example.release.xcconfig */ = {isa = PBXFileReference; includeInIndex = 1; lastKnownFileType = text.xcconfig; name = "Pods-EasyKits_Example.release.xcconfig"; path = "Target Support Files/Pods-EasyKits_Example/Pods-EasyKits_Example.release.xcconfig"; sourceTree = "<group>"; };
		7081D91B35C703B20F27524A /* Pods_EasyKits_Tests.framework */ = {isa = PBXFileReference; explicitFileType = wrapper.framework; includeInIndex = 0; path = Pods_EasyKits_Tests.framework; sourceTree = BUILT_PRODUCTS_DIR; };
		7D5FDBEC34C58DFAF2443F1F /* Pods-EasyKits_Tests.release.xcconfig */ = {isa = PBXFileReference; includeInIndex = 1; lastKnownFileType = text.xcconfig; name = "Pods-EasyKits_Tests.release.xcconfig"; path = "Target Support Files/Pods-EasyKits_Tests/Pods-EasyKits_Tests.release.xcconfig"; sourceTree = "<group>"; };
		950BBA98263A802A00408C55 /* NestContainerListVC.swift */ = {isa = PBXFileReference; lastKnownFileType = sourcecode.swift; path = NestContainerListVC.swift; sourceTree = "<group>"; };
		950BBAB0263A861D00408C55 /* NestContainerSubVC.swift */ = {isa = PBXFileReference; lastKnownFileType = sourcecode.swift; path = NestContainerSubVC.swift; sourceTree = "<group>"; };
		950BBAB3263A862700408C55 /* NestContainerItemVC.swift */ = {isa = PBXFileReference; lastKnownFileType = sourcecode.swift; path = NestContainerItemVC.swift; sourceTree = "<group>"; };
		95145CB0263BD12600A8CDAD /* NestSyncContainerListVC.swift */ = {isa = PBXFileReference; lastKnownFileType = sourcecode.swift; path = NestSyncContainerListVC.swift; sourceTree = "<group>"; };
		95956A9F25CCE3EE0021FF3F /* VCCell.swift */ = {isa = PBXFileReference; lastKnownFileType = sourcecode.swift; path = VCCell.swift; sourceTree = "<group>"; };
		95956AA825CCE4310021FF3F /* EasyPopupVC.swift */ = {isa = PBXFileReference; lastKnownFileType = sourcecode.swift; path = EasyPopupVC.swift; sourceTree = "<group>"; };
		95956ACD25CCEF5D0021FF3F /* EasyResponder.swift */ = {isa = PBXFileReference; lastKnownFileType = sourcecode.swift; path = EasyResponder.swift; sourceTree = "<group>"; };
		95956AD125CCF0330021FF3F /* ERAView.swift */ = {isa = PBXFileReference; lastKnownFileType = sourcecode.swift; path = ERAView.swift; sourceTree = "<group>"; };
		95956AD425CCF03D0021FF3F /* ERBView.swift */ = {isa = PBXFileReference; lastKnownFileType = sourcecode.swift; path = ERBView.swift; sourceTree = "<group>"; };
		95956AD725CCF0460021FF3F /* ERCView.swift */ = {isa = PBXFileReference; lastKnownFileType = sourcecode.swift; path = ERCView.swift; sourceTree = "<group>"; };
		95956AE525E348C20021FF3F /* SyncInnerItems.swift */ = {isa = PBXFileReference; lastKnownFileType = sourcecode.swift; path = SyncInnerItems.swift; sourceTree = "<group>"; };
		95956AE825E348D80021FF3F /* EasySyncScrollVC.swift */ = {isa = PBXFileReference; lastKnownFileType = sourcecode.swift; path = EasySyncScrollVC.swift; sourceTree = "<group>"; };
		95956D0925E5EFEF0021FF3F /* EasyListViewVC.swift */ = {isa = PBXFileReference; lastKnownFileType = sourcecode.swift; path = EasyListViewVC.swift; sourceTree = "<group>"; };
		95956D0E25E5FFC60021FF3F /* EasyCarouseCell.swift */ = {isa = PBXFileReference; lastKnownFileType = sourcecode.swift; path = EasyCarouseCell.swift; sourceTree = "<group>"; };
		95956D1225E6011E0021FF3F /* EasyCarouseViewVC.swift */ = {isa = PBXFileReference; lastKnownFileType = sourcecode.swift; path = EasyCarouseViewVC.swift; sourceTree = "<group>"; };
		95956D7D25E65C1C0021FF3F /* EasyListPriceCell.swift */ = {isa = PBXFileReference; lastKnownFileType = sourcecode.swift; path = EasyListPriceCell.swift; sourceTree = "<group>"; };
		95956DA525E662C70021FF3F /* EasyListOtherCell.swift */ = {isa = PBXFileReference; lastKnownFileType = sourcecode.swift; path = EasyListOtherCell.swift; sourceTree = "<group>"; };
		95956E3225E7ACA70021FF3F /* EasySegmentedViewVC.swift */ = {isa = PBXFileReference; lastKnownFileType = sourcecode.swift; path = EasySegmentedViewVC.swift; sourceTree = "<group>"; };
		974E5CD7E748BAB3DEC0E2BD /* README.md */ = {isa = PBXFileReference; includeInIndex = 1; lastKnownFileType = net.daringfireball.markdown; name = README.md; path = ../README.md; sourceTree = "<group>"; };
		B85BEF9B3FF56656A93DD048 /* Pods_EasyKits_Example.framework */ = {isa = PBXFileReference; explicitFileType = wrapper.framework; includeInIndex = 0; path = Pods_EasyKits_Example.framework; sourceTree = BUILT_PRODUCTS_DIR; };
		BDA2E3DFC194A465A6386F1F /* Pods-EasyKits_Tests.debug.xcconfig */ = {isa = PBXFileReference; includeInIndex = 1; lastKnownFileType = text.xcconfig; name = "Pods-EasyKits_Tests.debug.xcconfig"; path = "Target Support Files/Pods-EasyKits_Tests/Pods-EasyKits_Tests.debug.xcconfig"; sourceTree = "<group>"; };
		E3BA514077C52F70D9D83922 /* LICENSE */ = {isa = PBXFileReference; includeInIndex = 1; lastKnownFileType = text; name = LICENSE; path = ../LICENSE; sourceTree = "<group>"; };
		F46DB4D82733734000C94414 /* EasyIGListVC.swift */ = {isa = PBXFileReference; lastKnownFileType = sourcecode.swift; path = EasyIGListVC.swift; sourceTree = "<group>"; };
/* End PBXFileReference section */

/* Begin PBXFrameworksBuildPhase section */
		607FACCD1AFB9204008FA782 /* Frameworks */ = {
			isa = PBXFrameworksBuildPhase;
			buildActionMask = 2147483647;
			files = (
				10FD93675A33A3DF4E60E9A4 /* Pods_EasyKits_Example.framework in Frameworks */,
			);
			runOnlyForDeploymentPostprocessing = 0;
		};
/* End PBXFrameworksBuildPhase section */

/* Begin PBXGroup section */
		1F1A7C3E764A9192463D7B65 /* Frameworks */ = {
			isa = PBXGroup;
			children = (
				B85BEF9B3FF56656A93DD048 /* Pods_EasyKits_Example.framework */,
				7081D91B35C703B20F27524A /* Pods_EasyKits_Tests.framework */,
			);
			name = Frameworks;
			sourceTree = "<group>";
		};
		607FACC71AFB9204008FA782 = {
			isa = PBXGroup;
			children = (
				607FACF51AFB993E008FA782 /* Podspec Metadata */,
				607FACD21AFB9204008FA782 /* Example for EasyKits */,
				607FACD11AFB9204008FA782 /* Products */,
				BFA6738379BF8A72F9FC9D1E /* Pods */,
				1F1A7C3E764A9192463D7B65 /* Frameworks */,
			);
			sourceTree = "<group>";
		};
		607FACD11AFB9204008FA782 /* Products */ = {
			isa = PBXGroup;
			children = (
				607FACD01AFB9204008FA782 /* EasyKits_Example.app */,
			);
			name = Products;
			sourceTree = "<group>";
		};
		607FACD21AFB9204008FA782 /* Example for EasyKits */ = {
			isa = PBXGroup;
			children = (
				607FACD51AFB9204008FA782 /* AppDelegate.swift */,
				607FACD71AFB9204008FA782 /* ViewController.swift */,
				95956A9F25CCE3EE0021FF3F /* VCCell.swift */,
				95956AA525CCE4110021FF3F /* Demo */,
				607FACDC1AFB9204008FA782 /* Images.xcassets */,
				607FACDE1AFB9204008FA782 /* LaunchScreen.xib */,
				607FACD31AFB9204008FA782 /* Supporting Files */,
			);
			name = "Example for EasyKits";
			path = EasyKits;
			sourceTree = "<group>";
		};
		607FACD31AFB9204008FA782 /* Supporting Files */ = {
			isa = PBXGroup;
			children = (
				607FACD41AFB9204008FA782 /* Info.plist */,
			);
			name = "Supporting Files";
			sourceTree = "<group>";
		};
		607FACF51AFB993E008FA782 /* Podspec Metadata */ = {
			isa = PBXGroup;
			children = (
				39CB6570477B87D0DF69174E /* EasyKits.podspec */,
				974E5CD7E748BAB3DEC0E2BD /* README.md */,
				E3BA514077C52F70D9D83922 /* LICENSE */,
			);
			name = "Podspec Metadata";
			sourceTree = "<group>";
		};
		950BBA97263A7F8500408C55 /* NestContainer */ = {
			isa = PBXGroup;
			children = (
				950BBA98263A802A00408C55 /* NestContainerListVC.swift */,
				95145CB0263BD12600A8CDAD /* NestSyncContainerListVC.swift */,
				950BBAB0263A861D00408C55 /* NestContainerSubVC.swift */,
				950BBAB3263A862700408C55 /* NestContainerItemVC.swift */,
			);
			path = NestContainer;
			sourceTree = "<group>";
		};
		95956AA525CCE4110021FF3F /* Demo */ = {
			isa = PBXGroup;
			children = (
				F46DB4D72733732100C94414 /* EasyIGList */,
				950BBA97263A7F8500408C55 /* NestContainer */,
				95956E3125E7AC8C0021FF3F /* EasySegmentedView */,
				95956D1125E6010C0021FF3F /* EasyCarouseView */,
				95956D0825E5EFCD0021FF3F /* EasyListView */,
				95956AE125E346E20021FF3F /* EasySyncScroll */,
				95956ACC25CCEEF30021FF3F /* EasyResponder */,
				95956AA725CCE4210021FF3F /* EasyPopup */,
			);
			path = Demo;
			sourceTree = "<group>";
		};
		95956AA725CCE4210021FF3F /* EasyPopup */ = {
			isa = PBXGroup;
			children = (
				95956AA825CCE4310021FF3F /* EasyPopupVC.swift */,
			);
			path = EasyPopup;
			sourceTree = "<group>";
		};
		95956ACC25CCEEF30021FF3F /* EasyResponder */ = {
			isa = PBXGroup;
			children = (
				95956ACD25CCEF5D0021FF3F /* EasyResponder.swift */,
				95956AD125CCF0330021FF3F /* ERAView.swift */,
				95956AD425CCF03D0021FF3F /* ERBView.swift */,
				95956AD725CCF0460021FF3F /* ERCView.swift */,
			);
			path = EasyResponder;
			sourceTree = "<group>";
		};
		95956AE125E346E20021FF3F /* EasySyncScroll */ = {
			isa = PBXGroup;
			children = (
				95956AE525E348C20021FF3F /* SyncInnerItems.swift */,
				95956AE825E348D80021FF3F /* EasySyncScrollVC.swift */,
			);
			path = EasySyncScroll;
			sourceTree = "<group>";
		};
		95956D0825E5EFCD0021FF3F /* EasyListView */ = {
			isa = PBXGroup;
			children = (
				95956D0D25E5F6070021FF3F /* DemoCell */,
				95956D0925E5EFEF0021FF3F /* EasyListViewVC.swift */,
			);
			path = EasyListView;
			sourceTree = "<group>";
		};
		95956D0D25E5F6070021FF3F /* DemoCell */ = {
			isa = PBXGroup;
			children = (
				95956D0E25E5FFC60021FF3F /* EasyCarouseCell.swift */,
				95956D7D25E65C1C0021FF3F /* EasyListPriceCell.swift */,
				95956DA525E662C70021FF3F /* EasyListOtherCell.swift */,
			);
			path = DemoCell;
			sourceTree = "<group>";
		};
		95956D1125E6010C0021FF3F /* EasyCarouseView */ = {
			isa = PBXGroup;
			children = (
				95956D1225E6011E0021FF3F /* EasyCarouseViewVC.swift */,
			);
			path = EasyCarouseView;
			sourceTree = "<group>";
		};
		95956E3125E7AC8C0021FF3F /* EasySegmentedView */ = {
			isa = PBXGroup;
			children = (
				95956E3225E7ACA70021FF3F /* EasySegmentedViewVC.swift */,
			);
			path = EasySegmentedView;
			sourceTree = "<group>";
		};
		BFA6738379BF8A72F9FC9D1E /* Pods */ = {
			isa = PBXGroup;
			children = (
				6688078714BF9D206211D8FC /* Pods-EasyKits_Example.debug.xcconfig */,
				6E7B1E1473EA069EBE310652 /* Pods-EasyKits_Example.release.xcconfig */,
				BDA2E3DFC194A465A6386F1F /* Pods-EasyKits_Tests.debug.xcconfig */,
				7D5FDBEC34C58DFAF2443F1F /* Pods-EasyKits_Tests.release.xcconfig */,
			);
			path = Pods;
			sourceTree = "<group>";
		};
		F46DB4D72733732100C94414 /* EasyIGList */ = {
			isa = PBXGroup;
			children = (
				F46DB4D82733734000C94414 /* EasyIGListVC.swift */,
			);
			path = EasyIGList;
			sourceTree = "<group>";
		};
/* End PBXGroup section */

/* Begin PBXNativeTarget section */
		607FACCF1AFB9204008FA782 /* EasyKits_Example */ = {
			isa = PBXNativeTarget;
			buildConfigurationList = 607FACEF1AFB9204008FA782 /* Build configuration list for PBXNativeTarget "EasyKits_Example" */;
			buildPhases = (
				B5F588BE1E73CC99CEC5FBA7 /* [CP] Check Pods Manifest.lock */,
				607FACCC1AFB9204008FA782 /* Sources */,
				607FACCD1AFB9204008FA782 /* Frameworks */,
				607FACCE1AFB9204008FA782 /* Resources */,
				83A2F6FCA2290721A55398EF /* [CP] Embed Pods Frameworks */,
			);
			buildRules = (
			);
			dependencies = (
			);
			name = EasyKits_Example;
			productName = EasyKits;
			productReference = 607FACD01AFB9204008FA782 /* EasyKits_Example.app */;
			productType = "com.apple.product-type.application";
		};
/* End PBXNativeTarget section */

/* Begin PBXProject section */
		607FACC81AFB9204008FA782 /* Project object */ = {
			isa = PBXProject;
			attributes = {
				LastSwiftUpdateCheck = 0830;
				LastUpgradeCheck = 1230;
				ORGANIZATIONNAME = CocoaPods;
				TargetAttributes = {
					607FACCF1AFB9204008FA782 = {
						CreatedOnToolsVersion = 6.3.1;
						DevelopmentTeam = 5MEUQ98276;
						LastSwiftMigration = 0900;
					};
				};
			};
			buildConfigurationList = 607FACCB1AFB9204008FA782 /* Build configuration list for PBXProject "EasyKits" */;
			compatibilityVersion = "Xcode 3.2";
			developmentRegion = English;
			hasScannedForEncodings = 0;
			knownRegions = (
				English,
				en,
				Base,
			);
			mainGroup = 607FACC71AFB9204008FA782;
			productRefGroup = 607FACD11AFB9204008FA782 /* Products */;
			projectDirPath = "";
			projectRoot = "";
			targets = (
				607FACCF1AFB9204008FA782 /* EasyKits_Example */,
			);
		};
/* End PBXProject section */

/* Begin PBXResourcesBuildPhase section */
		607FACCE1AFB9204008FA782 /* Resources */ = {
			isa = PBXResourcesBuildPhase;
			buildActionMask = 2147483647;
			files = (
				607FACE01AFB9204008FA782 /* LaunchScreen.xib in Resources */,
				607FACDD1AFB9204008FA782 /* Images.xcassets in Resources */,
			);
			runOnlyForDeploymentPostprocessing = 0;
		};
/* End PBXResourcesBuildPhase section */

/* Begin PBXShellScriptBuildPhase section */
		83A2F6FCA2290721A55398EF /* [CP] Embed Pods Frameworks */ = {
			isa = PBXShellScriptBuildPhase;
			buildActionMask = 2147483647;
			files = (
			);
			inputPaths = (
				"${PODS_ROOT}/Target Support Files/Pods-EasyKits_Example/Pods-EasyKits_Example-frameworks.sh",
				"${BUILT_PRODUCTS_DIR}/EasyKits/EasyKits.framework",
				"${BUILT_PRODUCTS_DIR}/IGListDiffKit/IGListDiffKit.framework",
				"${BUILT_PRODUCTS_DIR}/IGListKit/IGListKit.framework",
				"${BUILT_PRODUCTS_DIR}/Kingfisher/Kingfisher.framework",
				"${BUILT_PRODUCTS_DIR}/MJRefresh/MJRefresh.framework",
				"${BUILT_PRODUCTS_DIR}/RxCocoa/RxCocoa.framework",
				"${BUILT_PRODUCTS_DIR}/RxRelay/RxRelay.framework",
				"${BUILT_PRODUCTS_DIR}/RxSwift/RxSwift.framework",
				"${BUILT_PRODUCTS_DIR}/SnapKit/SnapKit.framework",
				"${BUILT_PRODUCTS_DIR}/Then/Then.framework",
			);
			name = "[CP] Embed Pods Frameworks";
			outputPaths = (
				"${TARGET_BUILD_DIR}/${FRAMEWORKS_FOLDER_PATH}/EasyKits.framework",
				"${TARGET_BUILD_DIR}/${FRAMEWORKS_FOLDER_PATH}/IGListDiffKit.framework",
				"${TARGET_BUILD_DIR}/${FRAMEWORKS_FOLDER_PATH}/IGListKit.framework",
				"${TARGET_BUILD_DIR}/${FRAMEWORKS_FOLDER_PATH}/Kingfisher.framework",
				"${TARGET_BUILD_DIR}/${FRAMEWORKS_FOLDER_PATH}/MJRefresh.framework",
				"${TARGET_BUILD_DIR}/${FRAMEWORKS_FOLDER_PATH}/RxCocoa.framework",
				"${TARGET_BUILD_DIR}/${FRAMEWORKS_FOLDER_PATH}/RxRelay.framework",
				"${TARGET_BUILD_DIR}/${FRAMEWORKS_FOLDER_PATH}/RxSwift.framework",
				"${TARGET_BUILD_DIR}/${FRAMEWORKS_FOLDER_PATH}/SnapKit.framework",
				"${TARGET_BUILD_DIR}/${FRAMEWORKS_FOLDER_PATH}/Then.framework",
			);
			runOnlyForDeploymentPostprocessing = 0;
			shellPath = /bin/sh;
			shellScript = "\"${PODS_ROOT}/Target Support Files/Pods-EasyKits_Example/Pods-EasyKits_Example-frameworks.sh\"\n";
			showEnvVarsInLog = 0;
		};
		B5F588BE1E73CC99CEC5FBA7 /* [CP] Check Pods Manifest.lock */ = {
			isa = PBXShellScriptBuildPhase;
			buildActionMask = 2147483647;
			files = (
			);
			inputFileListPaths = (
			);
			inputPaths = (
				"${PODS_PODFILE_DIR_PATH}/Podfile.lock",
				"${PODS_ROOT}/Manifest.lock",
			);
			name = "[CP] Check Pods Manifest.lock";
			outputFileListPaths = (
			);
			outputPaths = (
				"$(DERIVED_FILE_DIR)/Pods-EasyKits_Example-checkManifestLockResult.txt",
			);
			runOnlyForDeploymentPostprocessing = 0;
			shellPath = /bin/sh;
			shellScript = "diff \"${PODS_PODFILE_DIR_PATH}/Podfile.lock\" \"${PODS_ROOT}/Manifest.lock\" > /dev/null\nif [ $? != 0 ] ; then\n    # print error to STDERR\n    echo \"error: The sandbox is not in sync with the Podfile.lock. Run 'pod install' or update your CocoaPods installation.\" >&2\n    exit 1\nfi\n# This output is used by Xcode 'outputs' to avoid re-running this script phase.\necho \"SUCCESS\" > \"${SCRIPT_OUTPUT_FILE_0}\"\n";
			showEnvVarsInLog = 0;
		};
/* End PBXShellScriptBuildPhase section */

/* Begin PBXSourcesBuildPhase section */
		607FACCC1AFB9204008FA782 /* Sources */ = {
			isa = PBXSourcesBuildPhase;
			buildActionMask = 2147483647;
			files = (
				950BBA99263A802A00408C55 /* NestContainerListVC.swift in Sources */,
				95956DA625E662C70021FF3F /* EasyListOtherCell.swift in Sources */,
				95956D0F25E5FFC60021FF3F /* EasyCarouseCell.swift in Sources */,
				95145CB1263BD12600A8CDAD /* NestSyncContainerListVC.swift in Sources */,
				95956AD525CCF03D0021FF3F /* ERBView.swift in Sources */,
				95956AA025CCE3EE0021FF3F /* VCCell.swift in Sources */,
				95956AE925E348D80021FF3F /* EasySyncScrollVC.swift in Sources */,
				607FACD81AFB9204008FA782 /* ViewController.swift in Sources */,
				950BBAB4263A862700408C55 /* NestContainerItemVC.swift in Sources */,
				950BBAB1263A861D00408C55 /* NestContainerSubVC.swift in Sources */,
				95956E3325E7ACA70021FF3F /* EasySegmentedViewVC.swift in Sources */,
				607FACD61AFB9204008FA782 /* AppDelegate.swift in Sources */,
				95956AD225CCF0330021FF3F /* ERAView.swift in Sources */,
				95956AE625E348C20021FF3F /* SyncInnerItems.swift in Sources */,
				F46DB4D92733734000C94414 /* EasyIGListVC.swift in Sources */,
				95956AD825CCF0460021FF3F /* ERCView.swift in Sources */,
				95956D7E25E65C1D0021FF3F /* EasyListPriceCell.swift in Sources */,
				95956D0A25E5EFEF0021FF3F /* EasyListViewVC.swift in Sources */,
				95956D1325E6011E0021FF3F /* EasyCarouseViewVC.swift in Sources */,
				95956AA925CCE4310021FF3F /* EasyPopupVC.swift in Sources */,
				95956ACE25CCEF5D0021FF3F /* EasyResponder.swift in Sources */,
			);
			runOnlyForDeploymentPostprocessing = 0;
		};
/* End PBXSourcesBuildPhase section */

/* Begin PBXVariantGroup section */
		607FACDE1AFB9204008FA782 /* LaunchScreen.xib */ = {
			isa = PBXVariantGroup;
			children = (
				607FACDF1AFB9204008FA782 /* Base */,
			);
			name = LaunchScreen.xib;
			sourceTree = "<group>";
		};
/* End PBXVariantGroup section */

/* Begin XCBuildConfiguration section */
		607FACED1AFB9204008FA782 /* Debug */ = {
			isa = XCBuildConfiguration;
			buildSettings = {
				ALWAYS_SEARCH_USER_PATHS = NO;
				CLANG_ANALYZER_LOCALIZABILITY_NONLOCALIZED = YES;
				CLANG_CXX_LANGUAGE_STANDARD = "gnu++0x";
				CLANG_CXX_LIBRARY = "libc++";
				CLANG_ENABLE_MODULES = YES;
				CLANG_ENABLE_OBJC_ARC = YES;
				CLANG_WARN_BLOCK_CAPTURE_AUTORELEASING = YES;
				CLANG_WARN_BOOL_CONVERSION = YES;
				CLANG_WARN_COMMA = YES;
				CLANG_WARN_CONSTANT_CONVERSION = YES;
				CLANG_WARN_DEPRECATED_OBJC_IMPLEMENTATIONS = YES;
				CLANG_WARN_DIRECT_OBJC_ISA_USAGE = YES_ERROR;
				CLANG_WARN_EMPTY_BODY = YES;
				CLANG_WARN_ENUM_CONVERSION = YES;
				CLANG_WARN_INFINITE_RECURSION = YES;
				CLANG_WARN_INT_CONVERSION = YES;
				CLANG_WARN_NON_LITERAL_NULL_CONVERSION = YES;
				CLANG_WARN_OBJC_IMPLICIT_RETAIN_SELF = YES;
				CLANG_WARN_OBJC_LITERAL_CONVERSION = YES;
				CLANG_WARN_OBJC_ROOT_CLASS = YES_ERROR;
				CLANG_WARN_QUOTED_INCLUDE_IN_FRAMEWORK_HEADER = YES;
				CLANG_WARN_RANGE_LOOP_ANALYSIS = YES;
				CLANG_WARN_STRICT_PROTOTYPES = YES;
				CLANG_WARN_SUSPICIOUS_MOVE = YES;
				CLANG_WARN_UNREACHABLE_CODE = YES;
				CLANG_WARN__DUPLICATE_METHOD_MATCH = YES;
				"CODE_SIGN_IDENTITY[sdk=iphoneos*]" = "iPhone Developer";
				COPY_PHASE_STRIP = NO;
				DEBUG_INFORMATION_FORMAT = "dwarf-with-dsym";
				ENABLE_STRICT_OBJC_MSGSEND = YES;
				ENABLE_TESTABILITY = YES;
				GCC_C_LANGUAGE_STANDARD = gnu99;
				GCC_DYNAMIC_NO_PIC = NO;
				GCC_NO_COMMON_BLOCKS = YES;
				GCC_OPTIMIZATION_LEVEL = 0;
				GCC_PREPROCESSOR_DEFINITIONS = (
					"DEBUG=1",
					"$(inherited)",
				);
				GCC_SYMBOLS_PRIVATE_EXTERN = NO;
				GCC_WARN_64_TO_32_BIT_CONVERSION = YES;
				GCC_WARN_ABOUT_RETURN_TYPE = YES_ERROR;
				GCC_WARN_UNDECLARED_SELECTOR = YES;
				GCC_WARN_UNINITIALIZED_AUTOS = YES_AGGRESSIVE;
				GCC_WARN_UNUSED_FUNCTION = YES;
				GCC_WARN_UNUSED_VARIABLE = YES;
				IPHONEOS_DEPLOYMENT_TARGET = 9.0;
				MTL_ENABLE_DEBUG_INFO = YES;
				ONLY_ACTIVE_ARCH = YES;
				SDKROOT = iphoneos;
				SWIFT_OPTIMIZATION_LEVEL = "-Onone";
			};
			name = Debug;
		};
		607FACEE1AFB9204008FA782 /* Release */ = {
			isa = XCBuildConfiguration;
			buildSettings = {
				ALWAYS_SEARCH_USER_PATHS = NO;
				CLANG_ANALYZER_LOCALIZABILITY_NONLOCALIZED = YES;
				CLANG_CXX_LANGUAGE_STANDARD = "gnu++0x";
				CLANG_CXX_LIBRARY = "libc++";
				CLANG_ENABLE_MODULES = YES;
				CLANG_ENABLE_OBJC_ARC = YES;
				CLANG_WARN_BLOCK_CAPTURE_AUTORELEASING = YES;
				CLANG_WARN_BOOL_CONVERSION = YES;
				CLANG_WARN_COMMA = YES;
				CLANG_WARN_CONSTANT_CONVERSION = YES;
				CLANG_WARN_DEPRECATED_OBJC_IMPLEMENTATIONS = YES;
				CLANG_WARN_DIRECT_OBJC_ISA_USAGE = YES_ERROR;
				CLANG_WARN_EMPTY_BODY = YES;
				CLANG_WARN_ENUM_CONVERSION = YES;
				CLANG_WARN_INFINITE_RECURSION = YES;
				CLANG_WARN_INT_CONVERSION = YES;
				CLANG_WARN_NON_LITERAL_NULL_CONVERSION = YES;
				CLANG_WARN_OBJC_IMPLICIT_RETAIN_SELF = YES;
				CLANG_WARN_OBJC_LITERAL_CONVERSION = YES;
				CLANG_WARN_OBJC_ROOT_CLASS = YES_ERROR;
				CLANG_WARN_QUOTED_INCLUDE_IN_FRAMEWORK_HEADER = YES;
				CLANG_WARN_RANGE_LOOP_ANALYSIS = YES;
				CLANG_WARN_STRICT_PROTOTYPES = YES;
				CLANG_WARN_SUSPICIOUS_MOVE = YES;
				CLANG_WARN_UNREACHABLE_CODE = YES;
				CLANG_WARN__DUPLICATE_METHOD_MATCH = YES;
				"CODE_SIGN_IDENTITY[sdk=iphoneos*]" = "iPhone Developer";
				COPY_PHASE_STRIP = NO;
				DEBUG_INFORMATION_FORMAT = "dwarf-with-dsym";
				ENABLE_NS_ASSERTIONS = NO;
				ENABLE_STRICT_OBJC_MSGSEND = YES;
				GCC_C_LANGUAGE_STANDARD = gnu99;
				GCC_NO_COMMON_BLOCKS = YES;
				GCC_WARN_64_TO_32_BIT_CONVERSION = YES;
				GCC_WARN_ABOUT_RETURN_TYPE = YES_ERROR;
				GCC_WARN_UNDECLARED_SELECTOR = YES;
				GCC_WARN_UNINITIALIZED_AUTOS = YES_AGGRESSIVE;
				GCC_WARN_UNUSED_FUNCTION = YES;
				GCC_WARN_UNUSED_VARIABLE = YES;
				IPHONEOS_DEPLOYMENT_TARGET = 9.0;
				MTL_ENABLE_DEBUG_INFO = NO;
				SDKROOT = iphoneos;
				SWIFT_OPTIMIZATION_LEVEL = "-Owholemodule";
				VALIDATE_PRODUCT = YES;
			};
			name = Release;
		};
		607FACF01AFB9204008FA782 /* Debug */ = {
			isa = XCBuildConfiguration;
			baseConfigurationReference = 6688078714BF9D206211D8FC /* Pods-EasyKits_Example.debug.xcconfig */;
			buildSettings = {
				ASSETCATALOG_COMPILER_APPICON_NAME = AppIcon;
				DEVELOPMENT_TEAM = 5MEUQ98276;
				INFOPLIST_FILE = EasyKits/Info.plist;
				IPHONEOS_DEPLOYMENT_TARGET = 10.0;
				LD_RUNPATH_SEARCH_PATHS = "$(inherited) @executable_path/Frameworks";
				MODULE_NAME = ExampleApp;
				PRODUCT_BUNDLE_IDENTIFIER = "org.cocoapods.demo.EasyKits-Example";
				PRODUCT_NAME = "$(TARGET_NAME)";
				SWIFT_SWIFT3_OBJC_INFERENCE = Default;
				SWIFT_VERSION = 4.0;
			};
			name = Debug;
		};
		607FACF11AFB9204008FA782 /* Release */ = {
			isa = XCBuildConfiguration;
			baseConfigurationReference = 6E7B1E1473EA069EBE310652 /* Pods-EasyKits_Example.release.xcconfig */;
			buildSettings = {
				ASSETCATALOG_COMPILER_APPICON_NAME = AppIcon;
				DEVELOPMENT_TEAM = 5MEUQ98276;
				INFOPLIST_FILE = EasyKits/Info.plist;
				IPHONEOS_DEPLOYMENT_TARGET = 10.0;
				LD_RUNPATH_SEARCH_PATHS = "$(inherited) @executable_path/Frameworks";
				MODULE_NAME = ExampleApp;
				PRODUCT_BUNDLE_IDENTIFIER = "org.cocoapods.demo.EasyKits-Example";
				PRODUCT_NAME = "$(TARGET_NAME)";
				SWIFT_SWIFT3_OBJC_INFERENCE = Default;
				SWIFT_VERSION = 4.0;
			};
			name = Release;
		};
/* End XCBuildConfiguration section */

/* Begin XCConfigurationList section */
		607FACCB1AFB9204008FA782 /* Build configuration list for PBXProject "EasyKits" */ = {
			isa = XCConfigurationList;
			buildConfigurations = (
				607FACED1AFB9204008FA782 /* Debug */,
				607FACEE1AFB9204008FA782 /* Release */,
			);
			defaultConfigurationIsVisible = 0;
			defaultConfigurationName = Release;
		};
		607FACEF1AFB9204008FA782 /* Build configuration list for PBXNativeTarget "EasyKits_Example" */ = {
			isa = XCConfigurationList;
			buildConfigurations = (
				607FACF01AFB9204008FA782 /* Debug */,
				607FACF11AFB9204008FA782 /* Release */,
			);
			defaultConfigurationIsVisible = 0;
			defaultConfigurationName = Release;
		};
/* End XCConfigurationList section */
	};
	rootObject = 607FACC81AFB9204008FA782 /* Project object */;
}
